// !$*UTF8*$!
{
	archiveVersion = 1;
	classes = {
	};
	objectVersion = 46;
	objects = {

/* Begin PBXBuildFile section */
		C512A0F21F4A2CBA00211CD2 /* AppDelegate.swift in Sources */ = {isa = PBXBuildFile; fileRef = C512A0F11F4A2CBA00211CD2 /* AppDelegate.swift */; };
		C512A0F41F4A2CBA00211CD2 /* ViewController.swift in Sources */ = {isa = PBXBuildFile; fileRef = C512A0F31F4A2CBA00211CD2 /* ViewController.swift */; };
		C512A0F71F4A2CBA00211CD2 /* Main.storyboard in Resources */ = {isa = PBXBuildFile; fileRef = C512A0F51F4A2CBA00211CD2 /* Main.storyboard */; };
		C512A0F91F4A2CBA00211CD2 /* Assets.xcassets in Resources */ = {isa = PBXBuildFile; fileRef = C512A0F81F4A2CBA00211CD2 /* Assets.xcassets */; };
		C512A0FC1F4A2CBA00211CD2 /* LaunchScreen.storyboard in Resources */ = {isa = PBXBuildFile; fileRef = C512A0FA1F4A2CBA00211CD2 /* LaunchScreen.storyboard */; };
/* End PBXBuildFile section */

/* Begin PBXFileReference section */
		C512A0EE1F4A2CBA00211CD2 /* reverseGeoLocation.app */ = {isa = PBXFileReference; explicitFileType = wrapper.application; includeInIndex = 0; path = reverseGeoLocation.app; sourceTree = BUILT_PRODUCTS_DIR; };
		C512A0F11F4A2CBA00211CD2 /* AppDelegate.swift */ = {isa = PBXFileReference; lastKnownFileType = sourcecode.swift; path = AppDelegate.swift; sourceTree = "<group>"; };
		C512A0F31F4A2CBA00211CD2 /* ViewController.swift */ = {isa = PBXFileReference; lastKnownFileType = sourcecode.swift; path = ViewController.swift; sourceTree = "<group>"; };
		C512A0F61F4A2CBA00211CD2 /* Base */ = {isa = PBXFileReference; lastKnownFileType = file.storyboard; name = Base; path = Base.lproj/Main.storyboard; sourceTree = "<group>"; };
		C512A0F81F4A2CBA00211CD2 /* Assets.xcassets */ = {isa = PBXFileReference; lastKnownFileType = folder.assetcatalog; path = Assets.xcassets; sourceTree = "<group>"; };
		C512A0FB1F4A2CBA00211CD2 /* Base */ = {isa = PBXFileReference; lastKnownFileType = file.storyboard; name = Base; path = Base.lproj/LaunchScreen.storyboard; sourceTree = "<group>"; };
		C512A0FD1F4A2CBA00211CD2 /* Info.plist */ = {isa = PBXFileReference; lastKnownFileType = text.plist.xml; path = Info.plist; sourceTree = "<group>"; };
/* End PBXFileReference section */

/* Begin PBXFrameworksBuildPhase section */
		C512A0EB1F4A2CBA00211CD2 /* Frameworks */ = {
			isa = PBXFrameworksBuildPhase;
			buildActionMask = 2147483647;
			files = (
			);
			runOnlyForDeploymentPostprocessing = 0;
		};
/* End PBXFrameworksBuildPhase section */

/* Begin PBXGroup section */
		C512A0E51F4A2CBA00211CD2 = {
			isa = PBXGroup;
			children = (
				C512A0F01F4A2CBA00211CD2 /* reverseGeoLocation */,
				C512A0EF1F4A2CBA00211CD2 /* Products */,
			);
			sourceTree = "<group>";
		};
		C512A0EF1F4A2CBA00211CD2 /* Products */ = {
			isa = PBXGroup;
			children = (
				C512A0EE1F4A2CBA00211CD2 /* reverseGeoLocation.app */,
			);
			name = Products;
			sourceTree = "<group>";
		};
		C512A0F01F4A2CBA00211CD2 /* reverseGeoLocation */ = {
			isa = PBXGroup;
			children = (
				C512A0F11F4A2CBA00211CD2 /* AppDelegate.swift */,
				C512A0F31F4A2CBA00211CD2 /* ViewController.swift */,
				C512A0F51F4A2CBA00211CD2 /* Main.storyboard */,
				C512A0F81F4A2CBA00211CD2 /* Assets.xcassets */,
				C512A0FA1F4A2CBA00211CD2 /* LaunchScreen.storyboard */,
				C512A0FD1F4A2CBA00211CD2 /* Info.plist */,
			);
			path = reverseGeoLocation;
			sourceTree = "<group>";
		};
/* End PBXGroup section */

/* Begin PBXNativeTarget section */
		C512A0ED1F4A2CBA00211CD2 /* reverseGeoLocation */ = {
			isa = PBXNativeTarget;
			buildConfigurationList = C512A1001F4A2CBA00211CD2 /* Build configuration list for PBXNativeTarget "reverseGeoLocation" */;
			buildPhases = (
				C512A0EA1F4A2CBA00211CD2 /* Sources */,
				C512A0EB1F4A2CBA00211CD2 /* Frameworks */,
				C512A0EC1F4A2CBA00211CD2 /* Resources */,
			);
			buildRules = (
			);
			dependencies = (
			);
			name = reverseGeoLocation;
			productName = reverseGeoLocation;
			productReference = C512A0EE1F4A2CBA00211CD2 /* reverseGeoLocation.app */;
			productType = "com.apple.product-type.application";
		};
/* End PBXNativeTarget section */

/* Begin PBXProject section */
		C512A0E61F4A2CBA00211CD2 /* Project object */ = {
			isa = PBXProject;
			attributes = {
				LastSwiftUpdateCheck = 0830;
				LastUpgradeCheck = 0830;
				ORGANIZATIONNAME = "Amr Omran";
				TargetAttributes = {
					C512A0ED1F4A2CBA00211CD2 = {
						CreatedOnToolsVersion = 8.3.3;
						DevelopmentTeam = 4GQH4L5L8B;
						ProvisioningStyle = Automatic;
					};
				};
			};
			buildConfigurationList = C512A0E91F4A2CBA00211CD2 /* Build configuration list for PBXProject "reverseGeoLocation" */;
			compatibilityVersion = "Xcode 3.2";
			developmentRegion = English;
			hasScannedForEncodings = 0;
			knownRegions = (
				en,
				Base,
			);
			mainGroup = C512A0E51F4A2CBA00211CD2;
			productRefGroup = C512A0EF1F4A2CBA00211CD2 /* Products */;
			projectDirPath = "";
			projectRoot = "";
			targets = (
				C512A0ED1F4A2CBA00211CD2 /* reverseGeoLocation */,
			);
		};
/* End PBXProject section */

/* Begin PBXResourcesBuildPhase section */
		C512A0EC1F4A2CBA00211CD2 /* Resources */ = {
			isa = PBXResourcesBuildPhase;
			buildActionMask = 2147483647;
			files = (
				C512A0FC1F4A2CBA00211CD2 /* LaunchScreen.storyboard in Resources */,
				C512A0F91F4A2CBA00211CD2 /* Assets.xcassets in Resources */,
				C512A0F71F4A2CBA00211CD2 /* Main.storyboard in Resources */,
			);
			runOnlyForDeploymentPostprocessing = 0;
		};
/* End PBXResourcesBuildPhase section */

/* Begin PBXSourcesBuildPhase section */
		C512A0EA1F4A2CBA00211CD2 /* Sources */ = {
			isa = PBXSourcesBuildPhase;
			buildActionMask = 2147483647;
			files = (
				C512A0F41F4A2CBA00211CD2 /* ViewController.swift in Sources */,
				C512A0F21F4A2CBA00211CD2 /* AppDelegate.swift in Sources */,
			);
			runOnlyForDeploymentPostprocessing = 0;
		};
/* End PBXSourcesBuildPhase section */

/* Begin PBXVariantGroup section */
		C512A0F51F4A2CBA00211CD2 /* Main.storyboard */ = {
			isa = PBXVariantGroup;
			children = (
				C512A0F61F4A2CBA00211CD2 /* Base */,
			);
			name = Main.storyboard;
			sourceTree = "<group>";
		};
		C512A0FA1F4A2CBA00211CD2 /* LaunchScreen.storyboard */ = {
			isa = PBXVariantGroup;
			children = (
				C512A0FB1F4A2CBA00211CD2 /* Base */,
			);
			name = LaunchScreen.storyboard;
			sourceTree = "<group>";
		};
/* End PBXVariantGroup section */

/* Begin XCBuildConfiguration section */
		C512A0FE1F4A2CBA00211CD2 /* Debug */ = {
			isa = XCBuildConfiguration;
			buildSettings = {
				ALWAYS_SEARCH_USER_PATHS = NO;
				CLANG_ANALYZER_NONNULL = YES;
				CLANG_ANALYZER_NUMBER_OBJECT_CONVERSION = YES_AGGRESSIVE;
				CLANG_CXX_LANGUAGE_STANDARD = "gnu++0x";
				CLANG_CXX_LIBRARY = "libc++";
				CLANG_ENABLE_MODULES = YES;
				CLANG_ENABLE_OBJC_ARC = YES;
				CLANG_WARN_BOOL_CONVERSION = YES;
				CLANG_WARN_CONSTANT_CONVERSION = YES;
				CLANG_WARN_DIRECT_OBJC_ISA_USAGE = YES_ERROR;
				CLANG_WARN_DOCUMENTATION_COMMENTS = YES;
				CLANG_WARN_EMPTY_BODY = YES;
				CLANG_WARN_ENUM_CONVERSION = YES;
				CLANG_WARN_INFINITE_RECURSION = YES;
				CLANG_WARN_INT_CONVERSION = YES;
				CLANG_WARN_OBJC_ROOT_CLASS = YES_ERROR;
				CLANG_WARN_SUSPICIOUS_MOVE = YES;
				CLANG_WARN_UNREACHABLE_CODE = YES;
				CLANG_WARN__DUPLICATE_METHOD_MATCH = YES;
				"CODE_SIGN_IDENTITY[sdk=iphoneos*]" = "iPhone Developer";
				COPY_PHASE_STRIP = NO;
				DEBUG_INFORMATION_FORMAT = dwarf;
				ENABLE_STRICT_OBJC_MSGSEND = YES;
				ENABLE_TESTABILITY = YES;
				GCC_C_LANGUAGE_STANDARD = gnu99;
				GCC_DYNAMIC_NO_PIC = NO;
				GCC_NO_COMMON_BLOCKS = YES;
				GCC_OPTIMIZATION_LEVEL = 0;
				GCC_PREPROCESSOR_DEFINITIONS = (
					"DEBUG=1",
					"$(inherited)",
				);
				GCC_WARN_64_TO_32_BIT_CONVERSION = YES;
				GCC_WARN_ABOUT_RETURN_TYPE = YES_ERROR;
				GCC_WARN_UNDECLARED_SELECTOR = YES;
				GCC_WARN_UNINITIALIZED_AUTOS = YES_AGGRESSIVE;
				GCC_WARN_UNUSED_FUNCTION = YES;
				GCC_WARN_UNUSED_VARIABLE = YES;
				IPHONEOS_DEPLOYMENT_TARGET = 10.3;
				MTL_ENABLE_DEBUG_INFO = YES;
				ONLY_ACTIVE_ARCH = YES;
				SDKROOT = iphoneos;
				SWIFT_ACTIVE_COMPILATION_CONDITIONS = DEBUG;
				SWIFT_OPTIMIZATION_LEVEL = "-Onone";
			};
			name = Debug;
		};
		C512A0FF1F4A2CBA00211CD2 /* Release */ = {
			isa = XCBuildConfiguration;
			buildSettings = {
				ALWAYS_SEARCH_USER_PATHS = NO;
				CLANG_ANALYZER_NONNULL = YES;
				CLANG_ANALYZER_NUMBER_OBJECT_CONVERSION = YES_AGGRESSIVE;
				CLANG_CXX_LANGUAGE_STANDARD = "gnu++0x";
				CLANG_CXX_LIBRARY = "libc++";
				CLANG_ENABLE_MODULES = YES;
				CLANG_ENABLE_OBJC_ARC = YES;
				CLANG_WARN_BOOL_CONVERSION = YES;
				CLANG_WARN_CONSTANT_CONVERSION = YES;
				CLANG_WARN_DIRECT_OBJC_ISA_USAGE = YES_ERROR;
				CLANG_WARN_DOCUMENTATION_COMMENTS = YES;
				CLANG_WARN_EMPTY_BODY = YES;
				CLANG_WARN_ENUM_CONVERSION = YES;
				CLANG_WARN_INFINITE_RECURSION = YES;
				CLANG_WARN_INT_CONVERSION = YES;
				CLANG_WARN_OBJC_ROOT_CLASS = YES_ERROR;
				CLANG_WARN_SUSPICIOUS_MOVE = YES;
				CLANG_WARN_UNREACHABLE_CODE = YES;
				CLANG_WARN__DUPLICATE_METHOD_MATCH = YES;
				"CODE_SIGN_IDENTITY[sdk=iphoneos*]" = "iPhone Developer";
				COPY_PHASE_STRIP = NO;
				DEBUG_INFORMATION_FORMAT = "dwarf-with-dsym";
				ENABLE_NS_ASSERTIONS = NO;
				ENABLE_STRICT_OBJC_MSGSEND = YES;
				GCC_C_LANGUAGE_STANDARD = gnu99;
				GCC_NO_COMMON_BLOCKS = YES;
				GCC_WARN_64_TO_32_BIT_CONVERSION = YES;
				GCC_WARN_ABOUT_RETURN_TYPE = YES_ERROR;
				GCC_WARN_UNDECLARED_SELECTOR = YES;
				GCC_WARN_UNINITIALIZED_AUTOS = YES_AGGRESSIVE;
				GCC_WARN_UNUSED_FUNCTION = YES;
				GCC_WARN_UNUSED_VARIABLE = YES;
				IPHONEOS_DEPLOYMENT_TARGET = 10.3;
				MTL_ENABLE_DEBUG_INFO = NO;
				SDKROOT = iphoneos;
				SWIFT_OPTIMIZATION_LEVEL = "-Owholemodule";
				VALIDATE_PRODUCT = YES;
			};
			name = Release;
		};
		C512A1011F4A2CBA00211CD2 /* Debug */ = {
			isa = XCBuildConfiguration;
			buildSettings = {
				ASSETCATALOG_COMPILER_APPICON_NAME = AppIcon;
				DEVELOPMENT_TEAM = 4GQH4L5L8B;
				INFOPLIST_FILE = reverseGeoLocation/Info.plist;
				LD_RUNPATH_SEARCH_PATHS = "$(inherited) @executable_path/Frameworks";
				PRODUCT_BUNDLE_IDENTIFIER = amr.omran.com.reverseGeoLocation;
				PRODUCT_NAME = "$(TARGET_NAME)";
				SWIFT_VERSION = 3.0;
			};
			name = Debug;
		};
		C512A1021F4A2CBA00211CD2 /* Release */ = {
			isa = XCBuildConfiguration;
			buildSettings = {
				ASSETCATALOG_COMPILER_APPICON_NAME = AppIcon;
				DEVELOPMENT_TEAM = 4GQH4L5L8B;
				INFOPLIST_FILE = reverseGeoLocation/Info.plist;
				LD_RUNPATH_SEARCH_PATHS = "$(inherited) @executable_path/Frameworks";
				PRODUCT_BUNDLE_IDENTIFIER = amr.omran.com.reverseGeoLocation;
				PRODUCT_NAME = "$(TARGET_NAME)";
				SWIFT_VERSION = 3.0;
			};
			name = Release;
		};
/* End XCBuildConfiguration section */

/* Begin XCConfigurationList section */
		C512A0E91F4A2CBA00211CD2 /* Build configuration list for PBXProject "reverseGeoLocation" */ = {
			isa = XCConfigurationList;
			buildConfigurations = (
				C512A0FE1F4A2CBA00211CD2 /* Debug */,
				C512A0FF1F4A2CBA00211CD2 /* Release */,
			);
			defaultConfigurationIsVisible = 0;
			defaultConfigurationName = Release;
		};
		C512A1001F4A2CBA00211CD2 /* Build configuration list for PBXNativeTarget "reverseGeoLocation" */ = {
			isa = XCConfigurationList;
			buildConfigurations = (
				C512A1011F4A2CBA00211CD2 /* Debug */,
				C512A1021F4A2CBA00211CD2 /* Release */,
			);
			defaultConfigurationIsVisible = 0;
		};
/* End XCConfigurationList section */
	};
	rootObject = C512A0E61F4A2CBA00211CD2 /* Project object */;
}
